
Microsoft Visual Studio Solution File, Format Version 12.00
# Visual Studio 15
VisualStudioVersion = 15.0.27130.2010
MinimumVisualStudioVersion = 10.0.40219.1
Project("{8BC9CEB8-8B4A-11D0-8D11-00A0C91BC942}") = "detour_dll", "detour_dll\detour_dll.vcxproj", "{308F84A7-80FF-44A2-943B-A1DC2DF42105}"
EndProject
Project("{8BC9CEB8-8B4A-11D0-8D11-00A0C91BC942}") = "detour_target", "detour_target\detour_target.vcxproj", "{97B84B79-C049-4763-B9EB-1E1A5D6BEB50}"
EndProject
Global
	GlobalSection(SolutionConfigurationPlatforms) = preSolution
		Debug|x64 = Debug|x64
		Debug|x86 = Debug|x86
		Release|x64 = Release|x64
		Release|x86 = Release|x86
	EndGlobalSection
	GlobalSection(ProjectConfigurationPlatforms) = postSolution
		{308F84A7-80FF-44A2-943B-A1DC2DF42105}.Debug|x64.ActiveCfg = Debug|x64
		{308F84A7-80FF-44A2-943B-A1DC2DF42105}.Debug|x64.Build.0 = Debug|x64
		{308F84A7-80FF-44A2-943B-A1DC2DF42105}.Debug|x86.ActiveCfg = Debug|Win32
		{308F84A7-80FF-44A2-943B-A1DC2DF42105}.Debug|x86.Build.0 = Debug|Win32
		{308F84A7-80FF-44A2-943B-A1DC2DF42105}.Release|x64.ActiveCfg = Release|x64
		{308F84A7-80FF-44A2-943B-A1DC2DF42105}.Release|x64.Build.0 = Release|x64
		{308F84A7-80FF-44A2-943B-A1DC2DF42105}.Release|x86.ActiveCfg = Release|Win32
		{308F84A7-80FF-44A2-943B-A1DC2DF42105}.Release|x86.Build.0 = Release|Win32
		{97B84B79-C049-4763-B9EB-1E1A5D6BEB50}.Debug|x64.ActiveCfg = Debug|x64
		{97B84B79-C049-4763-B9EB-1E1A5D6BEB50}.Debug|x64.Build.0 = Debug|x64
		{97B84B79-C049-4763-B9EB-1E1A5D6BEB50}.Debug|x86.ActiveCfg = Debug|Win32
		{97B84B79-C049-4763-B9EB-1E1A5D6BEB50}.Debug|x86.Build.0 = Debug|Win32
		{97B84B79-C049-4763-B9EB-1E1A5D6BEB50}.Release|x64.ActiveCfg = Release|x64
		{97B84B79-C049-4763-B9EB-1E1A5D6BEB50}.Release|x64.Build.0 = Release|x64
		{97B84B79-C049-4763-B9EB-1E1A5D6BEB50}.Release|x86.ActiveCfg = Release|Win32
		{97B84B79-C049-4763-B9EB-1E1A5D6BEB50}.Release|x86.Build.0 = Release|Win32
	EndGlobalSection
	GlobalSection(SolutionProperties) = preSolution
		HideSolutionNode = FALSE
	EndGlobalSection
	GlobalSection(ExtensibilityGlobals) = postSolution
		SolutionGuid = {613D2A90-98A4-430D-AD87-8FE9689963A1}
	EndGlobalSection
EndGlobal
